
Microsoft Visual Studio Solution File, Format Version 12.00
# Visual Studio Version 17
VisualStudioVersion = 17.8.34511.84
MinimumVisualStudioVersion = 10.0.40219.1
Project("{FAE04EC0-301F-11D3-BF4B-00C04F79EFBC}") = "ProjetoAula03", "ProjetoAula03\ProjetoAula03.csproj", "{B5CA68EF-3C14-4AB7-987A-247CA413FF90}"
EndProject
Global
	GlobalSection(SolutionConfigurationPlatforms) = preSolution
		Debug|Any CPU = Debug|Any CPU
		Release|Any CPU = Release|Any CPU
	EndGlobalSection
	GlobalSection(ProjectConfigurationPlatforms) = postSolution
		{B5CA68EF-3C14-4AB7-987A-247CA413FF90}.Debug|Any CPU.ActiveCfg = Debug|Any CPU
		{B5CA68EF-3C14-4AB7-987A-247CA413FF90}.Debug|Any CPU.Build.0 = Debug|Any CPU
		{B5CA68EF-3C14-4AB7-987A-247CA413FF90}.Release|Any CPU.ActiveCfg = Release|Any CPU
		{B5CA68EF-3C14-4AB7-987A-247CA413FF90}.Release|Any CPU.Build.0 = Release|Any CPU
	EndGlobalSection
	GlobalSection(SolutionProperties) = preSolution
		HideSolutionNode = FALSE
	EndGlobalSection
	GlobalSection(ExtensibilityGlobals) = postSolution
		SolutionGuid = {EEFCE4FA-92CA-40A7-A7E2-E8F3F0281C6B}
	EndGlobalSection
EndGlobal
